
Microsoft Visual Studio Solution File, Format Version 12.00
# Visual Studio Version 17
VisualStudioVersion = 17.10.35122.118
MinimumVisualStudioVersion = 10.0.40219.1
Project("{FAE04EC0-301F-11D3-BF4B-00C04F79EFBC}") = "buildapp", "buildapp\buildapp.csproj", "{C2C5FDF7-BCC4-42C8-954F-70C2553C3DA7}"
EndProject
Global
	GlobalSection(SolutionConfigurationPlatforms) = preSolution
		Debug|Any CPU = Debug|Any CPU
		Release|Any CPU = Release|Any CPU
	EndGlobalSection
	GlobalSection(ProjectConfigurationPlatforms) = postSolution
		{C2C5FDF7-BCC4-42C8-954F-70C2553C3DA7}.Debug|Any CPU.ActiveCfg = Debug|Any CPU
		{C2C5FDF7-BCC4-42C8-954F-70C2553C3DA7}.Debug|Any CPU.Build.0 = Debug|Any CPU
		{C2C5FDF7-BCC4-42C8-954F-70C2553C3DA7}.Release|Any CPU.ActiveCfg = Release|Any CPU
		{C2C5FDF7-BCC4-42C8-954F-70C2553C3DA7}.Release|Any CPU.Build.0 = Release|Any CPU
	EndGlobalSection
	GlobalSection(SolutionProperties) = preSolution
		HideSolutionNode = FALSE
	EndGlobalSection
	GlobalSection(ExtensibilityGlobals) = postSolution
		SolutionGuid = {0571378C-11D1-4A5C-A54E-BB04957676DB}
	EndGlobalSection
EndGlobal
